
Microsoft Visual Studio Solution File, Format Version 12.00
# Visual Studio Version 17
VisualStudioVersion = 17.11.35219.272
MinimumVisualStudioVersion = 10.0.40219.1
Project("{FAE04EC0-301F-11D3-BF4B-00C04F79EFBC}") = "TPPrefinal_thread", "TPPrefinal_thread\TPPrefinal_thread.csproj", "{AA88108A-93DA-4BEB-AF3D-B3828DDBBE4A}"
EndProject
Global
	GlobalSection(SolutionConfigurationPlatforms) = preSolution
		Debug|Any CPU = Debug|Any CPU
		Release|Any CPU = Release|Any CPU
	EndGlobalSection
	GlobalSection(ProjectConfigurationPlatforms) = postSolution
		{AA88108A-93DA-4BEB-AF3D-B3828DDBBE4A}.Debug|Any CPU.ActiveCfg = Debug|Any CPU
		{AA88108A-93DA-4BEB-AF3D-B3828DDBBE4A}.Debug|Any CPU.Build.0 = Debug|Any CPU
		{AA88108A-93DA-4BEB-AF3D-B3828DDBBE4A}.Release|Any CPU.ActiveCfg = Release|Any CPU
		{AA88108A-93DA-4BEB-AF3D-B3828DDBBE4A}.Release|Any CPU.Build.0 = Release|Any CPU
	EndGlobalSection
	GlobalSection(SolutionProperties) = preSolution
		HideSolutionNode = FALSE
	EndGlobalSection
	GlobalSection(ExtensibilityGlobals) = postSolution
		SolutionGuid = {6892C6C7-BC66-4F95-A493-2AE9D9599206}
	EndGlobalSection
EndGlobal
